
Microsoft Visual Studio Solution File, Format Version 12.00
# Visual Studio 14
VisualStudioVersion = 14.0.23107.0
MinimumVisualStudioVersion = 10.0.40219.1
Project("{FAE04EC0-301F-11D3-BF4B-00C04F79EFBC}") = "RC.Core", "RC.Core.csproj", "{35A23B54-4D7B-43A0-8FA5-133FEEDC8C6A}"
EndProject
Global
	GlobalSection(SolutionConfigurationPlatforms) = preSolution
		Debug|Any CPU = Debug|Any CPU
		Release|Any CPU = Release|Any CPU
		UnityVersion|Any CPU = UnityVersion|Any CPU
	EndGlobalSection
	GlobalSection(ProjectConfigurationPlatforms) = postSolution
		{35A23B54-4D7B-43A0-8FA5-133FEEDC8C6A}.Debug|Any CPU.ActiveCfg = Debug|Any CPU
		{35A23B54-4D7B-43A0-8FA5-133FEEDC8C6A}.Debug|Any CPU.Build.0 = Debug|Any CPU
		{35A23B54-4D7B-43A0-8FA5-133FEEDC8C6A}.Release|Any CPU.ActiveCfg = Release|Any CPU
		{35A23B54-4D7B-43A0-8FA5-133FEEDC8C6A}.Release|Any CPU.Build.0 = Release|Any CPU
		{35A23B54-4D7B-43A0-8FA5-133FEEDC8C6A}.UnityVersion|Any CPU.ActiveCfg = UnityVersion|Any CPU
		{35A23B54-4D7B-43A0-8FA5-133FEEDC8C6A}.UnityVersion|Any CPU.Build.0 = UnityVersion|Any CPU
	EndGlobalSection
	GlobalSection(SolutionProperties) = preSolution
		HideSolutionNode = FALSE
	EndGlobalSection
EndGlobal
